
Microsoft Visual Studio Solution File, Format Version 12.00
# Visual Studio Version 16
VisualStudioVersion = 16.0.32901.82
MinimumVisualStudioVersion = 10.0.40219.1
Project("{FAE04EC0-301F-11D3-BF4B-00C04F79EFBC}") = "Painter", "Painter\Painter.csproj", "{4E1B229A-647A-4BCE-AA00-4EB45E4CC9D5}"
EndProject
Global
	GlobalSection(SolutionConfigurationPlatforms) = preSolution
		Debug|Any CPU = Debug|Any CPU
		Release|Any CPU = Release|Any CPU
	EndGlobalSection
	GlobalSection(ProjectConfigurationPlatforms) = postSolution
		{4E1B229A-647A-4BCE-AA00-4EB45E4CC9D5}.Debug|Any CPU.ActiveCfg = Debug|Any CPU
		{4E1B229A-647A-4BCE-AA00-4EB45E4CC9D5}.Debug|Any CPU.Build.0 = Debug|Any CPU
		{4E1B229A-647A-4BCE-AA00-4EB45E4CC9D5}.Release|Any CPU.ActiveCfg = Release|Any CPU
		{4E1B229A-647A-4BCE-AA00-4EB45E4CC9D5}.Release|Any CPU.Build.0 = Release|Any CPU
	EndGlobalSection
	GlobalSection(SolutionProperties) = preSolution
		HideSolutionNode = FALSE
	EndGlobalSection
	GlobalSection(ExtensibilityGlobals) = postSolution
		SolutionGuid = {B921F91C-619B-4EE4-B24C-A77388C1D57C}
	EndGlobalSection
EndGlobal
